# This file is generated by running "yarn install" inside your project.
# Manual changes might be lost - proceed with caution!

__metadata:
  version: 8
  cacheKey: 10

"@types/node@npm:^17.0.23":
  version: 17.0.23
  resolution: "@types/node@npm:17.0.23"
  checksum: 10/61908e6cc99fa791932a37c9cfcc3413d5849e825daa761f79b4853e1b3cddff257e20531c3842c2ec1b8a0061f1390dc697f7fdaba756fc5fe00a57e5277d35
  languageName: node
  linkType: hard

"http-punch-hole@workspace:.":
  version: 0.0.0-use.local
  resolution: "http-punch-hole@workspace:."
  dependencies:
    "@types/node": "npm:^17.0.23"
    typescript: "npm:^4.6.2"
  bin:
    http-punch-hole: ./dist/client-cli.js
    serve-punch-hole: ./dist/serve-cli.js
  languageName: unknown
  linkType: soft

"typescript@npm:^4.6.2":
  version: 4.6.2
  resolution: "typescript@npm:4.6.2"
  bin:
    tsc: bin/tsc
    tsserver: bin/tsserver
  checksum: 10/73e8a8af8a571453a80c8f3988afacf87541b6c0d532dd9a1621d0c7f73257edb2aac0687ef74068aaef892c34d8437be3d7d246469ea5970c7e3fa7205fb103
  languageName: node
  linkType: hard

"typescript@patch:typescript@npm%3A^4.6.2#optional!builtin<compat/typescript>":
  version: 4.6.2
  resolution: "typescript@patch:typescript@npm%3A4.6.2#optional!builtin<compat/typescript>::version=4.6.2&hash=5d3a66"
  bin:
    tsc: bin/tsc
    tsserver: bin/tsserver
  checksum: 10/1c428da62dc033ebf318100764be08ac6fb389b3d5b4bd288763f99a37eb1fa7d81325b92ba4969722558a227b253ad756fe8f051966daf8db9b5d0193afc96c
  languageName: node
  linkType: hard
